
Microsoft Visual Studio Solution File, Format Version 12.00
# Visual Studio Version 17
VisualStudioVersion = 17.8.34322.80
MinimumVisualStudioVersion = 10.0.40219.1
Project("{FAE04EC0-301F-11D3-BF4B-00C04F79EFBC}") = "AFSelenium", "AFSelenium\AFSelenium.csproj", "{757D66F9-3C29-4190-8E90-9AC2D6EA55CD}"
EndProject
Global
	GlobalSection(SolutionConfigurationPlatforms) = preSolution
		Debug|Any CPU = Debug|Any CPU
		Release|Any CPU = Release|Any CPU
	EndGlobalSection
	GlobalSection(ProjectConfigurationPlatforms) = postSolution
		{757D66F9-3C29-4190-8E90-9AC2D6EA55CD}.Debug|Any CPU.ActiveCfg = Debug|Any CPU
		{757D66F9-3C29-4190-8E90-9AC2D6EA55CD}.Debug|Any CPU.Build.0 = Debug|Any CPU
		{757D66F9-3C29-4190-8E90-9AC2D6EA55CD}.Release|Any CPU.ActiveCfg = Release|Any CPU
		{757D66F9-3C29-4190-8E90-9AC2D6EA55CD}.Release|Any CPU.Build.0 = Release|Any CPU
	EndGlobalSection
	GlobalSection(SolutionProperties) = preSolution
		HideSolutionNode = FALSE
	EndGlobalSection
	GlobalSection(ExtensibilityGlobals) = postSolution
		SolutionGuid = {9E475FD6-6C63-4A25-81F9-DF09A75FB360}
	EndGlobalSection
EndGlobal
